
Microsoft Visual Studio Solution File, Format Version 12.00
# Visual Studio Version 16
VisualStudioVersion = 16.0.29911.84
MinimumVisualStudioVersion = 10.0.40219.1
Project("{FAE04EC0-301F-11D3-BF4B-00C04F79EFBC}") = "ArduinoCommunicationClient", "ArduinoCommunicationClient\ArduinoCommunicationClient.csproj", "{97D1D79C-6440-4526-B1FC-044293DECE18}"
EndProject
Global
	GlobalSection(SolutionConfigurationPlatforms) = preSolution
		Debug|Any CPU = Debug|Any CPU
		Release|Any CPU = Release|Any CPU
	EndGlobalSection
	GlobalSection(ProjectConfigurationPlatforms) = postSolution
		{97D1D79C-6440-4526-B1FC-044293DECE18}.Debug|Any CPU.ActiveCfg = Debug|Any CPU
		{97D1D79C-6440-4526-B1FC-044293DECE18}.Debug|Any CPU.Build.0 = Debug|Any CPU
		{97D1D79C-6440-4526-B1FC-044293DECE18}.Release|Any CPU.ActiveCfg = Release|Any CPU
		{97D1D79C-6440-4526-B1FC-044293DECE18}.Release|Any CPU.Build.0 = Release|Any CPU
	EndGlobalSection
	GlobalSection(SolutionProperties) = preSolution
		HideSolutionNode = FALSE
	EndGlobalSection
	GlobalSection(ExtensibilityGlobals) = postSolution
		SolutionGuid = {13273AE5-E2DC-4583-919C-EB1AA76C3FF9}
	EndGlobalSection
EndGlobal
